// !$*UTF8*$!
{
	archiveVersion = 1;
	classes = {
	};
	objectVersion = 46;
	objects = {

/* Begin PBXBuildFile section */
		B175C5E11C5C3857002CF263 /* AppDelegate.swift in Sources */ = {isa = PBXBuildFile; fileRef = B175C5E01C5C3857002CF263 /* AppDelegate.swift */; };
		B175C5E61C5C3857002CF263 /* Main.storyboard in Resources */ = {isa = PBXBuildFile; fileRef = B175C5E41C5C3857002CF263 /* Main.storyboard */; };
		B175C5E81C5C3857002CF263 /* Assets.xcassets in Resources */ = {isa = PBXBuildFile; fileRef = B175C5E71C5C3857002CF263 /* Assets.xcassets */; };
		B175C5EB1C5C3857002CF263 /* LaunchScreen.storyboard in Resources */ = {isa = PBXBuildFile; fileRef = B175C5E91C5C3857002CF263 /* LaunchScreen.storyboard */; };
		B175C5F61C5C3857002CF263 /* OurWalmartConnectTests.swift in Sources */ = {isa = PBXBuildFile; fileRef = B175C5F51C5C3857002CF263 /* OurWalmartConnectTests.swift */; };
		B175C6011C5C3857002CF263 /* OurWalmartConnectUITests.swift in Sources */ = {isa = PBXBuildFile; fileRef = B175C6001C5C3857002CF263 /* OurWalmartConnectUITests.swift */; };
		B175C6161C5C3B72002CF263 /* Bolts.framework in Frameworks */ = {isa = PBXBuildFile; fileRef = B175C6101C5C3B72002CF263 /* Bolts.framework */; };
		B175C6171C5C3B72002CF263 /* Parse.framework in Frameworks */ = {isa = PBXBuildFile; fileRef = B175C6111C5C3B72002CF263 /* Parse.framework */; };
		B175C6181C5C3B72002CF263 /* ParseFacebookUtils.framework in Frameworks */ = {isa = PBXBuildFile; fileRef = B175C6121C5C3B72002CF263 /* ParseFacebookUtils.framework */; };
		B175C6191C5C3B72002CF263 /* ParseFacebookUtilsV4.framework in Frameworks */ = {isa = PBXBuildFile; fileRef = B175C6131C5C3B72002CF263 /* ParseFacebookUtilsV4.framework */; };
		B175C61A1C5C3B72002CF263 /* ParseTwitterUtils.framework in Frameworks */ = {isa = PBXBuildFile; fileRef = B175C6141C5C3B72002CF263 /* ParseTwitterUtils.framework */; };
		B175C61B1C5C3B72002CF263 /* ParseUI.framework in Frameworks */ = {isa = PBXBuildFile; fileRef = B175C6151C5C3B72002CF263 /* ParseUI.framework */; };
		B175C61D1C5C3C40002CF263 /* MobileCoreServices.framework in Frameworks */ = {isa = PBXBuildFile; fileRef = B175C61C1C5C3C40002CF263 /* MobileCoreServices.framework */; };
		B175C61F1C5C3C49002CF263 /* libsqlite3.tbd in Frameworks */ = {isa = PBXBuildFile; fileRef = B175C61E1C5C3C49002CF263 /* libsqlite3.tbd */; };
		B175C6211C5C3CC2002CF263 /* AudioToolbox.framework in Frameworks */ = {isa = PBXBuildFile; fileRef = B175C6201C5C3CC2002CF263 /* AudioToolbox.framework */; };
		B175C6231C5C3CCA002CF263 /* CFNetwork.framework in Frameworks */ = {isa = PBXBuildFile; fileRef = B175C6221C5C3CC9002CF263 /* CFNetwork.framework */; };
		B175C6251C5C3CD2002CF263 /* CoreGraphics.framework in Frameworks */ = {isa = PBXBuildFile; fileRef = B175C6241C5C3CD2002CF263 /* CoreGraphics.framework */; };
		B175C6271C5C3CD9002CF263 /* CoreLocation.framework in Frameworks */ = {isa = PBXBuildFile; fileRef = B175C6261C5C3CD9002CF263 /* CoreLocation.framework */; };
		B175C6291C5C3CE1002CF263 /* QuartzCore.framework in Frameworks */ = {isa = PBXBuildFile; fileRef = B175C6281C5C3CE1002CF263 /* QuartzCore.framework */; };
		B175C62B1C5C3CE9002CF263 /* Security.framework in Frameworks */ = {isa = PBXBuildFile; fileRef = B175C62A1C5C3CE9002CF263 /* Security.framework */; };
		B175C62D1C5C3CF2002CF263 /* StoreKit.framework in Frameworks */ = {isa = PBXBuildFile; fileRef = B175C62C1C5C3CF2002CF263 /* StoreKit.framework */; };
		B175C62F1C5C3CFD002CF263 /* SystemConfiguration.framework in Frameworks */ = {isa = PBXBuildFile; fileRef = B175C62E1C5C3CFD002CF263 /* SystemConfiguration.framework */; };
		B175C6311C5C3D07002CF263 /* libz.tbd in Frameworks */ = {isa = PBXBuildFile; fileRef = B175C6301C5C3D07002CF263 /* libz.tbd */; };
		B175C6361C5C3E99002CF263 /* FBSDKCoreKit.framework in Frameworks */ = {isa = PBXBuildFile; fileRef = B175C6331C5C3E99002CF263 /* FBSDKCoreKit.framework */; };
		B175C6371C5C3E99002CF263 /* FBSDKLoginKit.framework in Frameworks */ = {isa = PBXBuildFile; fileRef = B175C6341C5C3E99002CF263 /* FBSDKLoginKit.framework */; };
		B175C6381C5C3E99002CF263 /* FBSDKShareKit.framework in Frameworks */ = {isa = PBXBuildFile; fileRef = B175C6351C5C3E99002CF263 /* FBSDKShareKit.framework */; };
		B1C262A71C5C418300A44BE3 /* OWCLoginViewController.swift in Sources */ = {isa = PBXBuildFile; fileRef = B1C262A61C5C418300A44BE3 /* OWCLoginViewController.swift */; };
		B1C262A91C5C419A00A44BE3 /* OWCSignupViewController.swift in Sources */ = {isa = PBXBuildFile; fileRef = B1C262A81C5C419A00A44BE3 /* OWCSignupViewController.swift */; };
		B1C262AB1C5C451600A44BE3 /* OWCFirstLaunchViewController.swift in Sources */ = {isa = PBXBuildFile; fileRef = B1C262AA1C5C451600A44BE3 /* OWCFirstLaunchViewController.swift */; };
		B1C263111C5C46CE00A44BE3 /* JSQSystemSoundPlayer.m in Sources */ = {isa = PBXBuildFile; fileRef = B1C262AE1C5C46CE00A44BE3 /* JSQSystemSoundPlayer.m */; };
		B1C263121C5C46CE00A44BE3 /* JSQMessagesAssets.bundle in Resources */ = {isa = PBXBuildFile; fileRef = B1C262B01C5C46CE00A44BE3 /* JSQMessagesAssets.bundle */; };
		B1C263131C5C46CE00A44BE3 /* JSQSystemSoundPlayer+JSQMessages.m in Sources */ = {isa = PBXBuildFile; fileRef = B1C262B31C5C46CE00A44BE3 /* JSQSystemSoundPlayer+JSQMessages.m */; };
		B1C263141C5C46CE00A44BE3 /* NSBundle+JSQMessages.m in Sources */ = {isa = PBXBuildFile; fileRef = B1C262B51C5C46CE00A44BE3 /* NSBundle+JSQMessages.m */; };
		B1C263151C5C46CE00A44BE3 /* NSString+JSQMessages.m in Sources */ = {isa = PBXBuildFile; fileRef = B1C262B71C5C46CE00A44BE3 /* NSString+JSQMessages.m */; };
		B1C263161C5C46CE00A44BE3 /* UIColor+JSQMessages.m in Sources */ = {isa = PBXBuildFile; fileRef = B1C262B91C5C46CE00A44BE3 /* UIColor+JSQMessages.m */; };
		B1C263171C5C46CE00A44BE3 /* UIDevice+JSQMessages.m in Sources */ = {isa = PBXBuildFile; fileRef = B1C262BB1C5C46CE00A44BE3 /* UIDevice+JSQMessages.m */; };
		B1C263181C5C46CE00A44BE3 /* UIImage+JSQMessages.m in Sources */ = {isa = PBXBuildFile; fileRef = B1C262BD1C5C46CE00A44BE3 /* UIImage+JSQMessages.m */; };
		B1C263191C5C46CE00A44BE3 /* UIView+JSQMessages.m in Sources */ = {isa = PBXBuildFile; fileRef = B1C262BF1C5C46CE00A44BE3 /* UIView+JSQMessages.m */; };
		B1C2631A1C5C46CE00A44BE3 /* JSQMessagesKeyboardController.m in Sources */ = {isa = PBXBuildFile; fileRef = B1C262C21C5C46CE00A44BE3 /* JSQMessagesKeyboardController.m */; };
		B1C2631B1C5C46CE00A44BE3 /* JSQMessagesViewController.m in Sources */ = {isa = PBXBuildFile; fileRef = B1C262C41C5C46CE00A44BE3 /* JSQMessagesViewController.m */; };
		B1C2631C1C5C46CE00A44BE3 /* JSQMessagesViewController.xib in Resources */ = {isa = PBXBuildFile; fileRef = B1C262C51C5C46CE00A44BE3 /* JSQMessagesViewController.xib */; };
		B1C2631D1C5C46CE00A44BE3 /* JSQMessagesAvatarImageFactory.m in Sources */ = {isa = PBXBuildFile; fileRef = B1C262C81C5C46CE00A44BE3 /* JSQMessagesAvatarImageFactory.m */; };
		B1C2631E1C5C46CE00A44BE3 /* JSQMessagesBubbleImageFactory.m in Sources */ = {isa = PBXBuildFile; fileRef = B1C262CA1C5C46CE00A44BE3 /* JSQMessagesBubbleImageFactory.m */; };
		B1C2631F1C5C46CE00A44BE3 /* JSQMessagesMediaViewBubbleImageMasker.m in Sources */ = {isa = PBXBuildFile; fileRef = B1C262CC1C5C46CE00A44BE3 /* JSQMessagesMediaViewBubbleImageMasker.m */; };
		B1C263201C5C46CE00A44BE3 /* JSQMessagesTimestampFormatter.m in Sources */ = {isa = PBXBuildFile; fileRef = B1C262CE1C5C46CE00A44BE3 /* JSQMessagesTimestampFormatter.m */; };
		B1C263211C5C46CE00A44BE3 /* JSQMessagesToolbarButtonFactory.m in Sources */ = {isa = PBXBuildFile; fileRef = B1C262D01C5C46CE00A44BE3 /* JSQMessagesToolbarButtonFactory.m */; };
		B1C263221C5C46CE00A44BE3 /* JSQMessagesBubblesSizeCalculator.m in Sources */ = {isa = PBXBuildFile; fileRef = B1C262D51C5C46CE00A44BE3 /* JSQMessagesBubblesSizeCalculator.m */; };
		B1C263231C5C46CE00A44BE3 /* JSQMessagesCollectionViewFlowLayout.m in Sources */ = {isa = PBXBuildFile; fileRef = B1C262D71C5C46CE00A44BE3 /* JSQMessagesCollectionViewFlowLayout.m */; };
		B1C263241C5C46CE00A44BE3 /* JSQMessagesCollectionViewFlowLayoutInvalidationContext.m in Sources */ = {isa = PBXBuildFile; fileRef = B1C262D91C5C46CE00A44BE3 /* JSQMessagesCollectionViewFlowLayoutInvalidationContext.m */; };
		B1C263251C5C46CE00A44BE3 /* JSQMessagesCollectionViewLayoutAttributes.m in Sources */ = {isa = PBXBuildFile; fileRef = B1C262DB1C5C46CE00A44BE3 /* JSQMessagesCollectionViewLayoutAttributes.m */; };
		B1C263261C5C46CE00A44BE3 /* JSQLocationMediaItem.m in Sources */ = {isa = PBXBuildFile; fileRef = B1C262DE1C5C46CE00A44BE3 /* JSQLocationMediaItem.m */; };
		B1C263271C5C46CE00A44BE3 /* JSQMediaItem.m in Sources */ = {isa = PBXBuildFile; fileRef = B1C262E01C5C46CE00A44BE3 /* JSQMediaItem.m */; };
		B1C263281C5C46CE00A44BE3 /* JSQMessage.m in Sources */ = {isa = PBXBuildFile; fileRef = B1C262E21C5C46CE00A44BE3 /* JSQMessage.m */; };
		B1C263291C5C46CE00A44BE3 /* JSQMessagesAvatarImage.m in Sources */ = {isa = PBXBuildFile; fileRef = B1C262E81C5C46CE00A44BE3 /* JSQMessagesAvatarImage.m */; };
		B1C2632A1C5C46CE00A44BE3 /* JSQMessagesBubbleImage.m in Sources */ = {isa = PBXBuildFile; fileRef = B1C262EA1C5C46CE00A44BE3 /* JSQMessagesBubbleImage.m */; };
		B1C2632B1C5C46CE00A44BE3 /* JSQPhotoMediaItem.m in Sources */ = {isa = PBXBuildFile; fileRef = B1C262EE1C5C46CE00A44BE3 /* JSQPhotoMediaItem.m */; };
		B1C2632C1C5C46CE00A44BE3 /* JSQVideoMediaItem.m in Sources */ = {isa = PBXBuildFile; fileRef = B1C262F01C5C46CE00A44BE3 /* JSQVideoMediaItem.m */; };
		B1C2632D1C5C46CE00A44BE3 /* JSQMessagesCellTextView.m in Sources */ = {isa = PBXBuildFile; fileRef = B1C262F31C5C46CE00A44BE3 /* JSQMessagesCellTextView.m */; };
		B1C2632E1C5C46CE00A44BE3 /* JSQMessagesCollectionView.m in Sources */ = {isa = PBXBuildFile; fileRef = B1C262F51C5C46CE00A44BE3 /* JSQMessagesCollectionView.m */; };
		B1C2632F1C5C46CE00A44BE3 /* JSQMessagesCollectionViewCell.m in Sources */ = {isa = PBXBuildFile; fileRef = B1C262F71C5C46CE00A44BE3 /* JSQMessagesCollectionViewCell.m */; };
		B1C263301C5C46CE00A44BE3 /* JSQMessagesCollectionViewCellIncoming.m in Sources */ = {isa = PBXBuildFile; fileRef = B1C262F91C5C46CE00A44BE3 /* JSQMessagesCollectionViewCellIncoming.m */; };
		B1C263311C5C46CE00A44BE3 /* JSQMessagesCollectionViewCellIncoming.xib in Resources */ = {isa = PBXBuildFile; fileRef = B1C262FA1C5C46CE00A44BE3 /* JSQMessagesCollectionViewCellIncoming.xib */; };
		B1C263321C5C46CE00A44BE3 /* JSQMessagesCollectionViewCellOutgoing.m in Sources */ = {isa = PBXBuildFile; fileRef = B1C262FC1C5C46CE00A44BE3 /* JSQMessagesCollectionViewCellOutgoing.m */; };
		B1C263331C5C46CE00A44BE3 /* JSQMessagesCollectionViewCellOutgoing.xib in Resources */ = {isa = PBXBuildFile; fileRef = B1C262FD1C5C46CE00A44BE3 /* JSQMessagesCollectionViewCellOutgoing.xib */; };
		B1C263341C5C46CE00A44BE3 /* JSQMessagesComposerTextView.m in Sources */ = {isa = PBXBuildFile; fileRef = B1C262FF1C5C46CE00A44BE3 /* JSQMessagesComposerTextView.m */; };
		B1C263351C5C46CE00A44BE3 /* JSQMessagesInputToolbar.m in Sources */ = {isa = PBXBuildFile; fileRef = B1C263011C5C46CE00A44BE3 /* JSQMessagesInputToolbar.m */; };
		B1C263361C5C46CE00A44BE3 /* JSQMessagesLabel.m in Sources */ = {isa = PBXBuildFile; fileRef = B1C263031C5C46CE00A44BE3 /* JSQMessagesLabel.m */; };
		B1C263371C5C46CE00A44BE3 /* JSQMessagesLoadEarlierHeaderView.m in Sources */ = {isa = PBXBuildFile; fileRef = B1C263051C5C46CE00A44BE3 /* JSQMessagesLoadEarlierHeaderView.m */; };
		B1C263381C5C46CE00A44BE3 /* JSQMessagesLoadEarlierHeaderView.xib in Resources */ = {isa = PBXBuildFile; fileRef = B1C263061C5C46CE00A44BE3 /* JSQMessagesLoadEarlierHeaderView.xib */; };
		B1C263391C5C46CE00A44BE3 /* JSQMessagesMediaPlaceholderView.m in Sources */ = {isa = PBXBuildFile; fileRef = B1C263081C5C46CE00A44BE3 /* JSQMessagesMediaPlaceholderView.m */; };
		B1C2633A1C5C46CE00A44BE3 /* JSQMessagesToolbarContentView.m in Sources */ = {isa = PBXBuildFile; fileRef = B1C2630A1C5C46CE00A44BE3 /* JSQMessagesToolbarContentView.m */; };
		B1C2633B1C5C46CE00A44BE3 /* JSQMessagesToolbarContentView.xib in Resources */ = {isa = PBXBuildFile; fileRef = B1C2630B1C5C46CE00A44BE3 /* JSQMessagesToolbarContentView.xib */; };
		B1C2633C1C5C46CE00A44BE3 /* JSQMessagesTypingIndicatorFooterView.m in Sources */ = {isa = PBXBuildFile; fileRef = B1C2630D1C5C46CE00A44BE3 /* JSQMessagesTypingIndicatorFooterView.m */; };
		B1C2633D1C5C46CE00A44BE3 /* JSQMessagesTypingIndicatorFooterView.xib in Resources */ = {isa = PBXBuildFile; fileRef = B1C2630E1C5C46CE00A44BE3 /* JSQMessagesTypingIndicatorFooterView.xib */; };
/* End PBXBuildFile section */

/* Begin PBXContainerItemProxy section */
		B175C5F21C5C3857002CF263 /* PBXContainerItemProxy */ = {
			isa = PBXContainerItemProxy;
			containerPortal = B175C5D51C5C3856002CF263 /* Project object */;
			proxyType = 1;
			remoteGlobalIDString = B175C5DC1C5C3856002CF263;
			remoteInfo = OurWalmartConnect;
		};
		B175C5FD1C5C3857002CF263 /* PBXContainerItemProxy */ = {
			isa = PBXContainerItemProxy;
			containerPortal = B175C5D51C5C3856002CF263 /* Project object */;
			proxyType = 1;
			remoteGlobalIDString = B175C5DC1C5C3856002CF263;
			remoteInfo = OurWalmartConnect;
		};
/* End PBXContainerItemProxy section */

/* Begin PBXFileReference section */
		B175C5DD1C5C3857002CF263 /* OurWalmartConnect.app */ = {isa = PBXFileReference; explicitFileType = wrapper.application; includeInIndex = 0; path = OurWalmartConnect.app; sourceTree = BUILT_PRODUCTS_DIR; };
		B175C5E01C5C3857002CF263 /* AppDelegate.swift */ = {isa = PBXFileReference; lastKnownFileType = sourcecode.swift; path = AppDelegate.swift; sourceTree = "<group>"; };
		B175C5E51C5C3857002CF263 /* Base */ = {isa = PBXFileReference; lastKnownFileType = file.storyboard; name = Base; path = Base.lproj/Main.storyboard; sourceTree = "<group>"; };
		B175C5E71C5C3857002CF263 /* Assets.xcassets */ = {isa = PBXFileReference; lastKnownFileType = folder.assetcatalog; path = Assets.xcassets; sourceTree = "<group>"; };
		B175C5EA1C5C3857002CF263 /* Base */ = {isa = PBXFileReference; lastKnownFileType = file.storyboard; name = Base; path = Base.lproj/LaunchScreen.storyboard; sourceTree = "<group>"; };
		B175C5EC1C5C3857002CF263 /* Info.plist */ = {isa = PBXFileReference; lastKnownFileType = text.plist.xml; path = Info.plist; sourceTree = "<group>"; };
		B175C5F11C5C3857002CF263 /* OurWalmartConnectTests.xctest */ = {isa = PBXFileReference; explicitFileType = wrapper.cfbundle; includeInIndex = 0; path = OurWalmartConnectTests.xctest; sourceTree = BUILT_PRODUCTS_DIR; };
		B175C5F51C5C3857002CF263 /* OurWalmartConnectTests.swift */ = {isa = PBXFileReference; lastKnownFileType = sourcecode.swift; path = OurWalmartConnectTests.swift; sourceTree = "<group>"; };
		B175C5F71C5C3857002CF263 /* Info.plist */ = {isa = PBXFileReference; lastKnownFileType = text.plist.xml; path = Info.plist; sourceTree = "<group>"; };
		B175C5FC1C5C3857002CF263 /* OurWalmartConnectUITests.xctest */ = {isa = PBXFileReference; explicitFileType = wrapper.cfbundle; includeInIndex = 0; path = OurWalmartConnectUITests.xctest; sourceTree = BUILT_PRODUCTS_DIR; };
		B175C6001C5C3857002CF263 /* OurWalmartConnectUITests.swift */ = {isa = PBXFileReference; lastKnownFileType = sourcecode.swift; path = OurWalmartConnectUITests.swift; sourceTree = "<group>"; };
		B175C6021C5C3857002CF263 /* Info.plist */ = {isa = PBXFileReference; lastKnownFileType = text.plist.xml; path = Info.plist; sourceTree = "<group>"; };
		B175C6101C5C3B72002CF263 /* Bolts.framework */ = {isa = PBXFileReference; lastKnownFileType = wrapper.framework; path = Bolts.framework; sourceTree = "<group>"; };
		B175C6111C5C3B72002CF263 /* Parse.framework */ = {isa = PBXFileReference; lastKnownFileType = wrapper.framework; path = Parse.framework; sourceTree = "<group>"; };
		B175C6121C5C3B72002CF263 /* ParseFacebookUtils.framework */ = {isa = PBXFileReference; lastKnownFileType = wrapper.framework; path = ParseFacebookUtils.framework; sourceTree = "<group>"; };
		B175C6131C5C3B72002CF263 /* ParseFacebookUtilsV4.framework */ = {isa = PBXFileReference; lastKnownFileType = wrapper.framework; path = ParseFacebookUtilsV4.framework; sourceTree = "<group>"; };
		B175C6141C5C3B72002CF263 /* ParseTwitterUtils.framework */ = {isa = PBXFileReference; lastKnownFileType = wrapper.framework; path = ParseTwitterUtils.framework; sourceTree = "<group>"; };
		B175C6151C5C3B72002CF263 /* ParseUI.framework */ = {isa = PBXFileReference; lastKnownFileType = wrapper.framework; path = ParseUI.framework; sourceTree = "<group>"; };
		B175C61C1C5C3C40002CF263 /* MobileCoreServices.framework */ = {isa = PBXFileReference; lastKnownFileType = wrapper.framework; name = MobileCoreServices.framework; path = System/Library/Frameworks/MobileCoreServices.framework; sourceTree = SDKROOT; };
		B175C61E1C5C3C49002CF263 /* libsqlite3.tbd */ = {isa = PBXFileReference; lastKnownFileType = "sourcecode.text-based-dylib-definition"; name = libsqlite3.tbd; path = usr/lib/libsqlite3.tbd; sourceTree = SDKROOT; };
		B175C6201C5C3CC2002CF263 /* AudioToolbox.framework */ = {isa = PBXFileReference; lastKnownFileType = wrapper.framework; name = AudioToolbox.framework; path = System/Library/Frameworks/AudioToolbox.framework; sourceTree = SDKROOT; };
		B175C6221C5C3CC9002CF263 /* CFNetwork.framework */ = {isa = PBXFileReference; lastKnownFileType = wrapper.framework; name = CFNetwork.framework; path = System/Library/Frameworks/CFNetwork.framework; sourceTree = SDKROOT; };
		B175C6241C5C3CD2002CF263 /* CoreGraphics.framework */ = {isa = PBXFileReference; lastKnownFileType = wrapper.framework; name = CoreGraphics.framework; path = System/Library/Frameworks/CoreGraphics.framework; sourceTree = SDKROOT; };
		B175C6261C5C3CD9002CF263 /* CoreLocation.framework */ = {isa = PBXFileReference; lastKnownFileType = wrapper.framework; name = CoreLocation.framework; path = System/Library/Frameworks/CoreLocation.framework; sourceTree = SDKROOT; };
		B175C6281C5C3CE1002CF263 /* QuartzCore.framework */ = {isa = PBXFileReference; lastKnownFileType = wrapper.framework; name = QuartzCore.framework; path = System/Library/Frameworks/QuartzCore.framework; sourceTree = SDKROOT; };
		B175C62A1C5C3CE9002CF263 /* Security.framework */ = {isa = PBXFileReference; lastKnownFileType = wrapper.framework; name = Security.framework; path = System/Library/Frameworks/Security.framework; sourceTree = SDKROOT; };
		B175C62C1C5C3CF2002CF263 /* StoreKit.framework */ = {isa = PBXFileReference; lastKnownFileType = wrapper.framework; name = StoreKit.framework; path = System/Library/Frameworks/StoreKit.framework; sourceTree = SDKROOT; };
		B175C62E1C5C3CFD002CF263 /* SystemConfiguration.framework */ = {isa = PBXFileReference; lastKnownFileType = wrapper.framework; name = SystemConfiguration.framework; path = System/Library/Frameworks/SystemConfiguration.framework; sourceTree = SDKROOT; };
		B175C6301C5C3D07002CF263 /* libz.tbd */ = {isa = PBXFileReference; lastKnownFileType = "sourcecode.text-based-dylib-definition"; name = libz.tbd; path = usr/lib/libz.tbd; sourceTree = SDKROOT; };
		B175C6331C5C3E99002CF263 /* FBSDKCoreKit.framework */ = {isa = PBXFileReference; lastKnownFileType = wrapper.framework; path = FBSDKCoreKit.framework; sourceTree = "<group>"; };
		B175C6341C5C3E99002CF263 /* FBSDKLoginKit.framework */ = {isa = PBXFileReference; lastKnownFileType = wrapper.framework; path = FBSDKLoginKit.framework; sourceTree = "<group>"; };
		B175C6351C5C3E99002CF263 /* FBSDKShareKit.framework */ = {isa = PBXFileReference; lastKnownFileType = wrapper.framework; path = FBSDKShareKit.framework; sourceTree = "<group>"; };
		B1C262A61C5C418300A44BE3 /* OWCLoginViewController.swift */ = {isa = PBXFileReference; fileEncoding = 4; lastKnownFileType = sourcecode.swift; path = OWCLoginViewController.swift; sourceTree = "<group>"; };
		B1C262A81C5C419A00A44BE3 /* OWCSignupViewController.swift */ = {isa = PBXFileReference; fileEncoding = 4; lastKnownFileType = sourcecode.swift; path = OWCSignupViewController.swift; sourceTree = "<group>"; };
		B1C262AA1C5C451600A44BE3 /* OWCFirstLaunchViewController.swift */ = {isa = PBXFileReference; fileEncoding = 4; lastKnownFileType = sourcecode.swift; path = OWCFirstLaunchViewController.swift; sourceTree = "<group>"; };
		B1C262AD1C5C46CE00A44BE3 /* JSQSystemSoundPlayer.h */ = {isa = PBXFileReference; fileEncoding = 4; lastKnownFileType = sourcecode.c.h; path = JSQSystemSoundPlayer.h; sourceTree = "<group>"; };
		B1C262AE1C5C46CE00A44BE3 /* JSQSystemSoundPlayer.m */ = {isa = PBXFileReference; fileEncoding = 4; lastKnownFileType = sourcecode.c.objc; path = JSQSystemSoundPlayer.m; sourceTree = "<group>"; };
		B1C262B01C5C46CE00A44BE3 /* JSQMessagesAssets.bundle */ = {isa = PBXFileReference; lastKnownFileType = "wrapper.plug-in"; path = JSQMessagesAssets.bundle; sourceTree = "<group>"; };
		B1C262B21C5C46CE00A44BE3 /* JSQSystemSoundPlayer+JSQMessages.h */ = {isa = PBXFileReference; fileEncoding = 4; lastKnownFileType = sourcecode.c.h; path = "JSQSystemSoundPlayer+JSQMessages.h"; sourceTree = "<group>"; };
		B1C262B31C5C46CE00A44BE3 /* JSQSystemSoundPlayer+JSQMessages.m */ = {isa = PBXFileReference; fileEncoding = 4; lastKnownFileType = sourcecode.c.objc; path = "JSQSystemSoundPlayer+JSQMessages.m"; sourceTree = "<group>"; };
		B1C262B41C5C46CE00A44BE3 /* NSBundle+JSQMessages.h */ = {isa = PBXFileReference; fileEncoding = 4; lastKnownFileType = sourcecode.c.h; path = "NSBundle+JSQMessages.h"; sourceTree = "<group>"; };
		B1C262B51C5C46CE00A44BE3 /* NSBundle+JSQMessages.m */ = {isa = PBXFileReference; fileEncoding = 4; lastKnownFileType = sourcecode.c.objc; path = "NSBundle+JSQMessages.m"; sourceTree = "<group>"; };
		B1C262B61C5C46CE00A44BE3 /* NSString+JSQMessages.h */ = {isa = PBXFileReference; fileEncoding = 4; lastKnownFileType = sourcecode.c.h; path = "NSString+JSQMessages.h"; sourceTree = "<group>"; };
		B1C262B71C5C46CE00A44BE3 /* NSString+JSQMessages.m */ = {isa = PBXFileReference; fileEncoding = 4; lastKnownFileType = sourcecode.c.objc; path = "NSString+JSQMessages.m"; sourceTree = "<group>"; };
		B1C262B81C5C46CE00A44BE3 /* UIColor+JSQMessages.h */ = {isa = PBXFileReference; fileEncoding = 4; lastKnownFileType = sourcecode.c.h; path = "UIColor+JSQMessages.h"; sourceTree = "<group>"; };
		B1C262B91C5C46CE00A44BE3 /* UIColor+JSQMessages.m */ = {isa = PBXFileReference; fileEncoding = 4; lastKnownFileType = sourcecode.c.objc; path = "UIColor+JSQMessages.m"; sourceTree = "<group>"; };
		B1C262BA1C5C46CE00A44BE3 /* UIDevice+JSQMessages.h */ = {isa = PBXFileReference; fileEncoding = 4; lastKnownFileType = sourcecode.c.h; path = "UIDevice+JSQMessages.h"; sourceTree = "<group>"; };
		B1C262BB1C5C46CE00A44BE3 /* UIDevice+JSQMessages.m */ = {isa = PBXFileReference; fileEncoding = 4; lastKnownFileType = sourcecode.c.objc; path = "UIDevice+JSQMessages.m"; sourceTree = "<group>"; };
		B1C262BC1C5C46CE00A44BE3 /* UIImage+JSQMessages.h */ = {isa = PBXFileReference; fileEncoding = 4; lastKnownFileType = sourcecode.c.h; path = "UIImage+JSQMessages.h"; sourceTree = "<group>"; };
		B1C262BD1C5C46CE00A44BE3 /* UIImage+JSQMessages.m */ = {isa = PBXFileReference; fileEncoding = 4; lastKnownFileType = sourcecode.c.objc; path = "UIImage+JSQMessages.m"; sourceTree = "<group>"; };
		B1C262BE1C5C46CE00A44BE3 /* UIView+JSQMessages.h */ = {isa = PBXFileReference; fileEncoding = 4; lastKnownFileType = sourcecode.c.h; path = "UIView+JSQMessages.h"; sourceTree = "<group>"; };
		B1C262BF1C5C46CE00A44BE3 /* UIView+JSQMessages.m */ = {isa = PBXFileReference; fileEncoding = 4; lastKnownFileType = sourcecode.c.objc; path = "UIView+JSQMessages.m"; sourceTree = "<group>"; };
		B1C262C11C5C46CE00A44BE3 /* JSQMessagesKeyboardController.h */ = {isa = PBXFileReference; fileEncoding = 4; lastKnownFileType = sourcecode.c.h; path = JSQMessagesKeyboardController.h; sourceTree = "<group>"; };
		B1C262C21C5C46CE00A44BE3 /* JSQMessagesKeyboardController.m */ = {isa = PBXFileReference; fileEncoding = 4; lastKnownFileType = sourcecode.c.objc; path = JSQMessagesKeyboardController.m; sourceTree = "<group>"; };
		B1C262C31C5C46CE00A44BE3 /* JSQMessagesViewController.h */ = {isa = PBXFileReference; fileEncoding = 4; lastKnownFileType = sourcecode.c.h; path = JSQMessagesViewController.h; sourceTree = "<group>"; };
		B1C262C41C5C46CE00A44BE3 /* JSQMessagesViewController.m */ = {isa = PBXFileReference; fileEncoding = 4; lastKnownFileType = sourcecode.c.objc; path = JSQMessagesViewController.m; sourceTree = "<group>"; };
		B1C262C51C5C46CE00A44BE3 /* JSQMessagesViewController.xib */ = {isa = PBXFileReference; fileEncoding = 4; lastKnownFileType = file.xib; path = JSQMessagesViewController.xib; sourceTree = "<group>"; };
		B1C262C71C5C46CE00A44BE3 /* JSQMessagesAvatarImageFactory.h */ = {isa = PBXFileReference; fileEncoding = 4; lastKnownFileType = sourcecode.c.h; path = JSQMessagesAvatarImageFactory.h; sourceTree = "<group>"; };
		B1C262C81C5C46CE00A44BE3 /* JSQMessagesAvatarImageFactory.m */ = {isa = PBXFileReference; fileEncoding = 4; lastKnownFileType = sourcecode.c.objc; path = JSQMessagesAvatarImageFactory.m; sourceTree = "<group>"; };
		B1C262C91C5C46CE00A44BE3 /* JSQMessagesBubbleImageFactory.h */ = {isa = PBXFileReference; fileEncoding = 4; lastKnownFileType = sourcecode.c.h; path = JSQMessagesBubbleImageFactory.h; sourceTree = "<group>"; };
		B1C262CA1C5C46CE00A44BE3 /* JSQMessagesBubbleImageFactory.m */ = {isa = PBXFileReference; fileEncoding = 4; lastKnownFileType = sourcecode.c.objc; path = JSQMessagesBubbleImageFactory.m; sourceTree = "<group>"; };
		B1C262CB1C5C46CE00A44BE3 /* JSQMessagesMediaViewBubbleImageMasker.h */ = {isa = PBXFileReference; fileEncoding = 4; lastKnownFileType = sourcecode.c.h; path = JSQMessagesMediaViewBubbleImageMasker.h; sourceTree = "<group>"; };
		B1C262CC1C5C46CE00A44BE3 /* JSQMessagesMediaViewBubbleImageMasker.m */ = {isa = PBXFileReference; fileEncoding = 4; lastKnownFileType = sourcecode.c.objc; path = JSQMessagesMediaViewBubbleImageMasker.m; sourceTree = "<group>"; };
		B1C262CD1C5C46CE00A44BE3 /* JSQMessagesTimestampFormatter.h */ = {isa = PBXFileReference; fileEncoding = 4; lastKnownFileType = sourcecode.c.h; path = JSQMessagesTimestampFormatter.h; sourceTree = "<group>"; };
		B1C262CE1C5C46CE00A44BE3 /* JSQMessagesTimestampFormatter.m */ = {isa = PBXFileReference; fileEncoding = 4; lastKnownFileType = sourcecode.c.objc; path = JSQMessagesTimestampFormatter.m; sourceTree = "<group>"; };
		B1C262CF1C5C46CE00A44BE3 /* JSQMessagesToolbarButtonFactory.h */ = {isa = PBXFileReference; fileEncoding = 4; lastKnownFileType = sourcecode.c.h; path = JSQMessagesToolbarButtonFactory.h; sourceTree = "<group>"; };
		B1C262D01C5C46CE00A44BE3 /* JSQMessagesToolbarButtonFactory.m */ = {isa = PBXFileReference; fileEncoding = 4; lastKnownFileType = sourcecode.c.objc; path = JSQMessagesToolbarButtonFactory.m; sourceTree = "<group>"; };
		B1C262D21C5C46CE00A44BE3 /* JSQMessages.h */ = {isa = PBXFileReference; fileEncoding = 4; lastKnownFileType = sourcecode.c.h; path = JSQMessages.h; sourceTree = "<group>"; };
		B1C262D31C5C46CE00A44BE3 /* JSQMessagesBubbleSizeCalculating.h */ = {isa = PBXFileReference; fileEncoding = 4; lastKnownFileType = sourcecode.c.h; path = JSQMessagesBubbleSizeCalculating.h; sourceTree = "<group>"; };
		B1C262D41C5C46CE00A44BE3 /* JSQMessagesBubblesSizeCalculator.h */ = {isa = PBXFileReference; fileEncoding = 4; lastKnownFileType = sourcecode.c.h; path = JSQMessagesBubblesSizeCalculator.h; sourceTree = "<group>"; };
		B1C262D51C5C46CE00A44BE3 /* JSQMessagesBubblesSizeCalculator.m */ = {isa = PBXFileReference; fileEncoding = 4; lastKnownFileType = sourcecode.c.objc; path = JSQMessagesBubblesSizeCalculator.m; sourceTree = "<group>"; };
		B1C262D61C5C46CE00A44BE3 /* JSQMessagesCollectionViewFlowLayout.h */ = {isa = PBXFileReference; fileEncoding = 4; lastKnownFileType = sourcecode.c.h; path = JSQMessagesCollectionViewFlowLayout.h; sourceTree = "<group>"; };
		B1C262D71C5C46CE00A44BE3 /* JSQMessagesCollectionViewFlowLayout.m */ = {isa = PBXFileReference; fileEncoding = 4; lastKnownFileType = sourcecode.c.objc; path = JSQMessagesCollectionViewFlowLayout.m; sourceTree = "<group>"; };
		B1C262D81C5C46CE00A44BE3 /* JSQMessagesCollectionViewFlowLayoutInvalidationContext.h */ = {isa = PBXFileReference; fileEncoding = 4; lastKnownFileType = sourcecode.c.h; path = JSQMessagesCollectionViewFlowLayoutInvalidationContext.h; sourceTree = "<group>"; };
		B1C262D91C5C46CE00A44BE3 /* JSQMessagesCollectionViewFlowLayoutInvalidationContext.m */ = {isa = PBXFileReference; fileEncoding = 4; lastKnownFileType = sourcecode.c.objc; path = JSQMessagesCollectionViewFlowLayoutInvalidationContext.m; sourceTree = "<group>"; };
		B1C262DA1C5C46CE00A44BE3 /* JSQMessagesCollectionViewLayoutAttributes.h */ = {isa = PBXFileReference; fileEncoding = 4; lastKnownFileType = sourcecode.c.h; path = JSQMessagesCollectionViewLayoutAttributes.h; sourceTree = "<group>"; };
		B1C262DB1C5C46CE00A44BE3 /* JSQMessagesCollectionViewLayoutAttributes.m */ = {isa = PBXFileReference; fileEncoding = 4; lastKnownFileType = sourcecode.c.objc; path = JSQMessagesCollectionViewLayoutAttributes.m; sourceTree = "<group>"; };
		B1C262DD1C5C46CE00A44BE3 /* JSQLocationMediaItem.h */ = {isa = PBXFileReference; fileEncoding = 4; lastKnownFileType = sourcecode.c.h; path = JSQLocationMediaItem.h; sourceTree = "<group>"; };
		B1C262DE1C5C46CE00A44BE3 /* JSQLocationMediaItem.m */ = {isa = PBXFileReference; fileEncoding = 4; lastKnownFileType = sourcecode.c.objc; path = JSQLocationMediaItem.m; sourceTree = "<group>"; };
		B1C262DF1C5C46CE00A44BE3 /* JSQMediaItem.h */ = {isa = PBXFileReference; fileEncoding = 4; lastKnownFileType = sourcecode.c.h; path = JSQMediaItem.h; sourceTree = "<group>"; };
		B1C262E01C5C46CE00A44BE3 /* JSQMediaItem.m */ = {isa = PBXFileReference; fileEncoding = 4; lastKnownFileType = sourcecode.c.objc; path = JSQMediaItem.m; sourceTree = "<group>"; };
		B1C262E11C5C46CE00A44BE3 /* JSQMessage.h */ = {isa = PBXFileReference; fileEncoding = 4; lastKnownFileType = sourcecode.c.h; path = JSQMessage.h; sourceTree = "<group>"; };
		B1C262E21C5C46CE00A44BE3 /* JSQMessage.m */ = {isa = PBXFileReference; fileEncoding = 4; lastKnownFileType = sourcecode.c.objc; path = JSQMessage.m; sourceTree = "<group>"; };
		B1C262E31C5C46CE00A44BE3 /* JSQMessageAvatarImageDataSource.h */ = {isa = PBXFileReference; fileEncoding = 4; lastKnownFileType = sourcecode.c.h; path = JSQMessageAvatarImageDataSource.h; sourceTree = "<group>"; };
		B1C262E41C5C46CE00A44BE3 /* JSQMessageBubbleImageDataSource.h */ = {isa = PBXFileReference; fileEncoding = 4; lastKnownFileType = sourcecode.c.h; path = JSQMessageBubbleImageDataSource.h; sourceTree = "<group>"; };
		B1C262E51C5C46CE00A44BE3 /* JSQMessageData.h */ = {isa = PBXFileReference; fileEncoding = 4; lastKnownFileType = sourcecode.c.h; path = JSQMessageData.h; sourceTree = "<group>"; };
		B1C262E61C5C46CE00A44BE3 /* JSQMessageMediaData.h */ = {isa = PBXFileReference; fileEncoding = 4; lastKnownFileType = sourcecode.c.h; path = JSQMessageMediaData.h; sourceTree = "<group>"; };
		B1C262E71C5C46CE00A44BE3 /* JSQMessagesAvatarImage.h */ = {isa = PBXFileReference; fileEncoding = 4; lastKnownFileType = sourcecode.c.h; path = JSQMessagesAvatarImage.h; sourceTree = "<group>"; };
		B1C262E81C5C46CE00A44BE3 /* JSQMessagesAvatarImage.m */ = {isa = PBXFileReference; fileEncoding = 4; lastKnownFileType = sourcecode.c.objc; path = JSQMessagesAvatarImage.m; sourceTree = "<group>"; };
		B1C262E91C5C46CE00A44BE3 /* JSQMessagesBubbleImage.h */ = {isa = PBXFileReference; fileEncoding = 4; lastKnownFileType = sourcecode.c.h; path = JSQMessagesBubbleImage.h; sourceTree = "<group>"; };
		B1C262EA1C5C46CE00A44BE3 /* JSQMessagesBubbleImage.m */ = {isa = PBXFileReference; fileEncoding = 4; lastKnownFileType = sourcecode.c.objc; path = JSQMessagesBubbleImage.m; sourceTree = "<group>"; };
		B1C262EB1C5C46CE00A44BE3 /* JSQMessagesCollectionViewDataSource.h */ = {isa = PBXFileReference; fileEncoding = 4; lastKnownFileType = sourcecode.c.h; path = JSQMessagesCollectionViewDataSource.h; sourceTree = "<group>"; };
		B1C262EC1C5C46CE00A44BE3 /* JSQMessagesCollectionViewDelegateFlowLayout.h */ = {isa = PBXFileReference; fileEncoding = 4; lastKnownFileType = sourcecode.c.h; path = JSQMessagesCollectionViewDelegateFlowLayout.h; sourceTree = "<group>"; };
		B1C262ED1C5C46CE00A44BE3 /* JSQPhotoMediaItem.h */ = {isa = PBXFileReference; fileEncoding = 4; lastKnownFileType = sourcecode.c.h; path = JSQPhotoMediaItem.h; sourceTree = "<group>"; };
		B1C262EE1C5C46CE00A44BE3 /* JSQPhotoMediaItem.m */ = {isa = PBXFileReference; fileEncoding = 4; lastKnownFileType = sourcecode.c.objc; path = JSQPhotoMediaItem.m; sourceTree = "<group>"; };
		B1C262EF1C5C46CE00A44BE3 /* JSQVideoMediaItem.h */ = {isa = PBXFileReference; fileEncoding = 4; lastKnownFileType = sourcecode.c.h; path = JSQVideoMediaItem.h; sourceTree = "<group>"; };
		B1C262F01C5C46CE00A44BE3 /* JSQVideoMediaItem.m */ = {isa = PBXFileReference; fileEncoding = 4; lastKnownFileType = sourcecode.c.objc; path = JSQVideoMediaItem.m; sourceTree = "<group>"; };
		B1C262F21C5C46CE00A44BE3 /* JSQMessagesCellTextView.h */ = {isa = PBXFileReference; fileEncoding = 4; lastKnownFileType = sourcecode.c.h; path = JSQMessagesCellTextView.h; sourceTree = "<group>"; };
		B1C262F31C5C46CE00A44BE3 /* JSQMessagesCellTextView.m */ = {isa = PBXFileReference; fileEncoding = 4; lastKnownFileType = sourcecode.c.objc; path = JSQMessagesCellTextView.m; sourceTree = "<group>"; };
		B1C262F41C5C46CE00A44BE3 /* JSQMessagesCollectionView.h */ = {isa = PBXFileReference; fileEncoding = 4; lastKnownFileType = sourcecode.c.h; path = JSQMessagesCollectionView.h; sourceTree = "<group>"; };
		B1C262F51C5C46CE00A44BE3 /* JSQMessagesCollectionView.m */ = {isa = PBXFileReference; fileEncoding = 4; lastKnownFileType = sourcecode.c.objc; path = JSQMessagesCollectionView.m; sourceTree = "<group>"; };
		B1C262F61C5C46CE00A44BE3 /* JSQMessagesCollectionViewCell.h */ = {isa = PBXFileReference; fileEncoding = 4; lastKnownFileType = sourcecode.c.h; path = JSQMessagesCollectionViewCell.h; sourceTree = "<group>"; };
		B1C262F71C5C46CE00A44BE3 /* JSQMessagesCollectionViewCell.m */ = {isa = PBXFileReference; fileEncoding = 4; lastKnownFileType = sourcecode.c.objc; path = JSQMessagesCollectionViewCell.m; sourceTree = "<group>"; };
		B1C262F81C5C46CE00A44BE3 /* JSQMessagesCollectionViewCellIncoming.h */ = {isa = PBXFileReference; fileEncoding = 4; lastKnownFileType = sourcecode.c.h; path = JSQMessagesCollectionViewCellIncoming.h; sourceTree = "<group>"; };
		B1C262F91C5C46CE00A44BE3 /* JSQMessagesCollectionViewCellIncoming.m */ = {isa = PBXFileReference; fileEncoding = 4; lastKnownFileType = sourcecode.c.objc; path = JSQMessagesCollectionViewCellIncoming.m; sourceTree = "<group>"; };
		B1C262FA1C5C46CE00A44BE3 /* JSQMessagesCollectionViewCellIncoming.xib */ = {isa = PBXFileReference; fileEncoding = 4; lastKnownFileType = file.xib; path = JSQMessagesCollectionViewCellIncoming.xib; sourceTree = "<group>"; };
		B1C262FB1C5C46CE00A44BE3 /* JSQMessagesCollectionViewCellOutgoing.h */ = {isa = PBXFileReference; fileEncoding = 4; lastKnownFileType = sourcecode.c.h; path = JSQMessagesCollectionViewCellOutgoing.h; sourceTree = "<group>"; };
		B1C262FC1C5C46CE00A44BE3 /* JSQMessagesCollectionViewCellOutgoing.m */ = {isa = PBXFileReference; fileEncoding = 4; lastKnownFileType = sourcecode.c.objc; path = JSQMessagesCollectionViewCellOutgoing.m; sourceTree = "<group>"; };
		B1C262FD1C5C46CE00A44BE3 /* JSQMessagesCollectionViewCellOutgoing.xib */ = {isa = PBXFileReference; fileEncoding = 4; lastKnownFileType = file.xib; path = JSQMessagesCollectionViewCellOutgoing.xib; sourceTree = "<group>"; };
		B1C262FE1C5C46CE00A44BE3 /* JSQMessagesComposerTextView.h */ = {isa = PBXFileReference; fileEncoding = 4; lastKnownFileType = sourcecode.c.h; path = JSQMessagesComposerTextView.h; sourceTree = "<group>"; };
		B1C262FF1C5C46CE00A44BE3 /* JSQMessagesComposerTextView.m */ = {isa = PBXFileReference; fileEncoding = 4; lastKnownFileType = sourcecode.c.objc; path = JSQMessagesComposerTextView.m; sourceTree = "<group>"; };
		B1C263001C5C46CE00A44BE3 /* JSQMessagesInputToolbar.h */ = {isa = PBXFileReference; fileEncoding = 4; lastKnownFileType = sourcecode.c.h; path = JSQMessagesInputToolbar.h; sourceTree = "<group>"; };
		B1C263011C5C46CE00A44BE3 /* JSQMessagesInputToolbar.m */ = {isa = PBXFileReference; fileEncoding = 4; lastKnownFileType = sourcecode.c.objc; path = JSQMessagesInputToolbar.m; sourceTree = "<group>"; };
		B1C263021C5C46CE00A44BE3 /* JSQMessagesLabel.h */ = {isa = PBXFileReference; fileEncoding = 4; lastKnownFileType = sourcecode.c.h; path = JSQMessagesLabel.h; sourceTree = "<group>"; };
		B1C263031C5C46CE00A44BE3 /* JSQMessagesLabel.m */ = {isa = PBXFileReference; fileEncoding = 4; lastKnownFileType = sourcecode.c.objc; path = JSQMessagesLabel.m; sourceTree = "<group>"; };
		B1C263041C5C46CE00A44BE3 /* JSQMessagesLoadEarlierHeaderView.h */ = {isa = PBXFileReference; fileEncoding = 4; lastKnownFileType = sourcecode.c.h; path = JSQMessagesLoadEarlierHeaderView.h; sourceTree = "<group>"; };
		B1C263051C5C46CE00A44BE3 /* JSQMessagesLoadEarlierHeaderView.m */ = {isa = PBXFileReference; fileEncoding = 4; lastKnownFileType = sourcecode.c.objc; path = JSQMessagesLoadEarlierHeaderView.m; sourceTree = "<group>"; };
		B1C263061C5C46CE00A44BE3 /* JSQMessagesLoadEarlierHeaderView.xib */ = {isa = PBXFileReference; fileEncoding = 4; lastKnownFileType = file.xib; path = JSQMessagesLoadEarlierHeaderView.xib; sourceTree = "<group>"; };
		B1C263071C5C46CE00A44BE3 /* JSQMessagesMediaPlaceholderView.h */ = {isa = PBXFileReference; fileEncoding = 4; lastKnownFileType = sourcecode.c.h; path = JSQMessagesMediaPlaceholderView.h; sourceTree = "<group>"; };
		B1C263081C5C46CE00A44BE3 /* JSQMessagesMediaPlaceholderView.m */ = {isa = PBXFileReference; fileEncoding = 4; lastKnownFileType = sourcecode.c.objc; path = JSQMessagesMediaPlaceholderView.m; sourceTree = "<group>"; };
		B1C263091C5C46CE00A44BE3 /* JSQMessagesToolbarContentView.h */ = {isa = PBXFileReference; fileEncoding = 4; lastKnownFileType = sourcecode.c.h; path = JSQMessagesToolbarContentView.h; sourceTree = "<group>"; };
		B1C2630A1C5C46CE00A44BE3 /* JSQMessagesToolbarContentView.m */ = {isa = PBXFileReference; fileEncoding = 4; lastKnownFileType = sourcecode.c.objc; path = JSQMessagesToolbarContentView.m; sourceTree = "<group>"; };
		B1C2630B1C5C46CE00A44BE3 /* JSQMessagesToolbarContentView.xib */ = {isa = PBXFileReference; fileEncoding = 4; lastKnownFileType = file.xib; path = JSQMessagesToolbarContentView.xib; sourceTree = "<group>"; };
		B1C2630C1C5C46CE00A44BE3 /* JSQMessagesTypingIndicatorFooterView.h */ = {isa = PBXFileReference; fileEncoding = 4; lastKnownFileType = sourcecode.c.h; path = JSQMessagesTypingIndicatorFooterView.h; sourceTree = "<group>"; };
		B1C2630D1C5C46CE00A44BE3 /* JSQMessagesTypingIndicatorFooterView.m */ = {isa = PBXFileReference; fileEncoding = 4; lastKnownFileType = sourcecode.c.objc; path = JSQMessagesTypingIndicatorFooterView.m; sourceTree = "<group>"; };
		B1C2630E1C5C46CE00A44BE3 /* JSQMessagesTypingIndicatorFooterView.xib */ = {isa = PBXFileReference; fileEncoding = 4; lastKnownFileType = file.xib; path = JSQMessagesTypingIndicatorFooterView.xib; sourceTree = "<group>"; };
		B1C263491C5C488B00A44BE3 /* OurWalmartConnect-Bridging-Header.h */ = {isa = PBXFileReference; lastKnownFileType = sourcecode.c.h; path = "OurWalmartConnect-Bridging-Header.h"; sourceTree = "<group>"; };
/* End PBXFileReference section */

/* Begin PBXFrameworksBuildPhase section */
		B175C5DA1C5C3856002CF263 /* Frameworks */ = {
			isa = PBXFrameworksBuildPhase;
			buildActionMask = 2147483647;
			files = (
				B175C61F1C5C3C49002CF263 /* libsqlite3.tbd in Frameworks */,
				B175C6311C5C3D07002CF263 /* libz.tbd in Frameworks */,
				B175C62F1C5C3CFD002CF263 /* SystemConfiguration.framework in Frameworks */,
				B175C62D1C5C3CF2002CF263 /* StoreKit.framework in Frameworks */,
				B175C62B1C5C3CE9002CF263 /* Security.framework in Frameworks */,
				B175C6291C5C3CE1002CF263 /* QuartzCore.framework in Frameworks */,
				B175C6271C5C3CD9002CF263 /* CoreLocation.framework in Frameworks */,
				B175C6361C5C3E99002CF263 /* FBSDKCoreKit.framework in Frameworks */,
				B175C6251C5C3CD2002CF263 /* CoreGraphics.framework in Frameworks */,
				B175C6231C5C3CCA002CF263 /* CFNetwork.framework in Frameworks */,
				B175C6211C5C3CC2002CF263 /* AudioToolbox.framework in Frameworks */,
				B175C61D1C5C3C40002CF263 /* MobileCoreServices.framework in Frameworks */,
				B175C6381C5C3E99002CF263 /* FBSDKShareKit.framework in Frameworks */,
				B175C61B1C5C3B72002CF263 /* ParseUI.framework in Frameworks */,
				B175C6371C5C3E99002CF263 /* FBSDKLoginKit.framework in Frameworks */,
				B175C6171C5C3B72002CF263 /* Parse.framework in Frameworks */,
				B175C6161C5C3B72002CF263 /* Bolts.framework in Frameworks */,
				B175C6191C5C3B72002CF263 /* ParseFacebookUtilsV4.framework in Frameworks */,
				B175C6181C5C3B72002CF263 /* ParseFacebookUtils.framework in Frameworks */,
				B175C61A1C5C3B72002CF263 /* ParseTwitterUtils.framework in Frameworks */,
			);
			runOnlyForDeploymentPostprocessing = 0;
		};
		B175C5EE1C5C3857002CF263 /* Frameworks */ = {
			isa = PBXFrameworksBuildPhase;
			buildActionMask = 2147483647;
			files = (
			);
			runOnlyForDeploymentPostprocessing = 0;
		};
		B175C5F91C5C3857002CF263 /* Frameworks */ = {
			isa = PBXFrameworksBuildPhase;
			buildActionMask = 2147483647;
			files = (
			);
			runOnlyForDeploymentPostprocessing = 0;
		};
/* End PBXFrameworksBuildPhase section */

/* Begin PBXGroup section */
		B175C5D41C5C3856002CF263 = {
			isa = PBXGroup;
			children = (
				B175C5DF1C5C3857002CF263 /* OurWalmartConnect */,
				B175C5F41C5C3857002CF263 /* OurWalmartConnectTests */,
				B175C5FF1C5C3857002CF263 /* OurWalmartConnectUITests */,
				B175C5DE1C5C3857002CF263 /* Products */,
			);
			sourceTree = "<group>";
		};
		B175C5DE1C5C3857002CF263 /* Products */ = {
			isa = PBXGroup;
			children = (
				B175C5DD1C5C3857002CF263 /* OurWalmartConnect.app */,
				B175C5F11C5C3857002CF263 /* OurWalmartConnectTests.xctest */,
				B175C5FC1C5C3857002CF263 /* OurWalmartConnectUITests.xctest */,
			);
			name = Products;
			sourceTree = "<group>";
		};
		B175C5DF1C5C3857002CF263 /* OurWalmartConnect */ = {
			isa = PBXGroup;
			children = (
				B1C262A41C5C414400A44BE3 /* Core */,
				B1C2633E1C5C46D900A44BE3 /* ObjectiveC */,
				B1C262AC1C5C46A100A44BE3 /* Chat */,
				B1C262A51C5C415700A44BE3 /* LoginSignup */,
				B175C6321C5C3D3E002CF263 /* Frameworks */,
				B175C60F1C5C3B72002CF263 /* parseFramework */,
				B175C5E71C5C3857002CF263 /* Assets.xcassets */,
				B175C5EC1C5C3857002CF263 /* Info.plist */,
			);
			path = OurWalmartConnect;
			sourceTree = "<group>";
		};
		B175C5F41C5C3857002CF263 /* OurWalmartConnectTests */ = {
			isa = PBXGroup;
			children = (
				B175C5F51C5C3857002CF263 /* OurWalmartConnectTests.swift */,
				B175C5F71C5C3857002CF263 /* Info.plist */,
			);
			path = OurWalmartConnectTests;
			sourceTree = "<group>";
		};
		B175C5FF1C5C3857002CF263 /* OurWalmartConnectUITests */ = {
			isa = PBXGroup;
			children = (
				B175C6001C5C3857002CF263 /* OurWalmartConnectUITests.swift */,
				B175C6021C5C3857002CF263 /* Info.plist */,
			);
			path = OurWalmartConnectUITests;
			sourceTree = "<group>";
		};
		B175C60F1C5C3B72002CF263 /* parseFramework */ = {
			isa = PBXGroup;
			children = (
				B175C6331C5C3E99002CF263 /* FBSDKCoreKit.framework */,
				B175C6341C5C3E99002CF263 /* FBSDKLoginKit.framework */,
				B175C6351C5C3E99002CF263 /* FBSDKShareKit.framework */,
				B175C6101C5C3B72002CF263 /* Bolts.framework */,
				B175C6111C5C3B72002CF263 /* Parse.framework */,
				B175C6121C5C3B72002CF263 /* ParseFacebookUtils.framework */,
				B175C6131C5C3B72002CF263 /* ParseFacebookUtilsV4.framework */,
				B175C6141C5C3B72002CF263 /* ParseTwitterUtils.framework */,
				B175C6151C5C3B72002CF263 /* ParseUI.framework */,
			);
			path = parseFramework;
			sourceTree = "<group>";
		};
		B175C6321C5C3D3E002CF263 /* Frameworks */ = {
			isa = PBXGroup;
			children = (
				B175C6301C5C3D07002CF263 /* libz.tbd */,
				B175C62E1C5C3CFD002CF263 /* SystemConfiguration.framework */,
				B175C62C1C5C3CF2002CF263 /* StoreKit.framework */,
				B175C62A1C5C3CE9002CF263 /* Security.framework */,
				B175C6281C5C3CE1002CF263 /* QuartzCore.framework */,
				B175C6261C5C3CD9002CF263 /* CoreLocation.framework */,
				B175C6241C5C3CD2002CF263 /* CoreGraphics.framework */,
				B175C6221C5C3CC9002CF263 /* CFNetwork.framework */,
				B175C6201C5C3CC2002CF263 /* AudioToolbox.framework */,
				B175C61E1C5C3C49002CF263 /* libsqlite3.tbd */,
				B175C61C1C5C3C40002CF263 /* MobileCoreServices.framework */,
			);
			name = Frameworks;
			path = ..;
			sourceTree = "<group>";
		};
		B1C262A41C5C414400A44BE3 /* Core */ = {
			isa = PBXGroup;
			children = (
				B175C5E91C5C3857002CF263 /* LaunchScreen.storyboard */,
				B175C5E41C5C3857002CF263 /* Main.storyboard */,
				B175C5E01C5C3857002CF263 /* AppDelegate.swift */,
			);
			name = Core;
			sourceTree = "<group>";
		};
		B1C262A51C5C415700A44BE3 /* LoginSignup */ = {
			isa = PBXGroup;
			children = (
				B1C262A61C5C418300A44BE3 /* OWCLoginViewController.swift */,
				B1C262A81C5C419A00A44BE3 /* OWCSignupViewController.swift */,
				B1C262AA1C5C451600A44BE3 /* OWCFirstLaunchViewController.swift */,
			);
			name = LoginSignup;
			sourceTree = "<group>";
		};
		B1C262AC1C5C46A100A44BE3 /* Chat */ = {
			isa = PBXGroup;
			children = (
				B1C262AF1C5C46CE00A44BE3 /* JSQSystemSoundPlayer */,
				B1C263101C5C46CE00A44BE3 /* JSQMessagesViewController */,
			);
			name = Chat;
			sourceTree = "<group>";
		};
		B1C262AF1C5C46CE00A44BE3 /* JSQSystemSoundPlayer */ = {
			isa = PBXGroup;
			children = (
				B1C262AD1C5C46CE00A44BE3 /* JSQSystemSoundPlayer.h */,
				B1C262AE1C5C46CE00A44BE3 /* JSQSystemSoundPlayer.m */,
			);
			name = JSQSystemSoundPlayer;
			path = "../../../../Desktop/Arkitu Version 2 DONE UPLOAD IOS/Aurkityou/Aurkityou/JSQMessagesViewController/JSQSystemSoundPlayer";
			sourceTree = "<group>";
		};
		B1C262B11C5C46CE00A44BE3 /* Assets */ = {
			isa = PBXGroup;
			children = (
				B1C262B01C5C46CE00A44BE3 /* JSQMessagesAssets.bundle */,
			);
			path = Assets;
			sourceTree = "<group>";
		};
		B1C262C01C5C46CE00A44BE3 /* Categories */ = {
			isa = PBXGroup;
			children = (
				B1C262B21C5C46CE00A44BE3 /* JSQSystemSoundPlayer+JSQMessages.h */,
				B1C262B31C5C46CE00A44BE3 /* JSQSystemSoundPlayer+JSQMessages.m */,
				B1C262B41C5C46CE00A44BE3 /* NSBundle+JSQMessages.h */,
				B1C262B51C5C46CE00A44BE3 /* NSBundle+JSQMessages.m */,
				B1C262B61C5C46CE00A44BE3 /* NSString+JSQMessages.h */,
				B1C262B71C5C46CE00A44BE3 /* NSString+JSQMessages.m */,
				B1C262B81C5C46CE00A44BE3 /* UIColor+JSQMessages.h */,
				B1C262B91C5C46CE00A44BE3 /* UIColor+JSQMessages.m */,
				B1C262BA1C5C46CE00A44BE3 /* UIDevice+JSQMessages.h */,
				B1C262BB1C5C46CE00A44BE3 /* UIDevice+JSQMessages.m */,
				B1C262BC1C5C46CE00A44BE3 /* UIImage+JSQMessages.h */,
				B1C262BD1C5C46CE00A44BE3 /* UIImage+JSQMessages.m */,
				B1C262BE1C5C46CE00A44BE3 /* UIView+JSQMessages.h */,
				B1C262BF1C5C46CE00A44BE3 /* UIView+JSQMessages.m */,
			);
			path = Categories;
			sourceTree = "<group>";
		};
		B1C262C61C5C46CE00A44BE3 /* Controllers */ = {
			isa = PBXGroup;
			children = (
				B1C262C11C5C46CE00A44BE3 /* JSQMessagesKeyboardController.h */,
				B1C262C21C5C46CE00A44BE3 /* JSQMessagesKeyboardController.m */,
				B1C262C31C5C46CE00A44BE3 /* JSQMessagesViewController.h */,
				B1C262C41C5C46CE00A44BE3 /* JSQMessagesViewController.m */,
				B1C262C51C5C46CE00A44BE3 /* JSQMessagesViewController.xib */,
			);
			path = Controllers;
			sourceTree = "<group>";
		};
		B1C262D11C5C46CE00A44BE3 /* Factories */ = {
			isa = PBXGroup;
			children = (
				B1C262C71C5C46CE00A44BE3 /* JSQMessagesAvatarImageFactory.h */,
				B1C262C81C5C46CE00A44BE3 /* JSQMessagesAvatarImageFactory.m */,
				B1C262C91C5C46CE00A44BE3 /* JSQMessagesBubbleImageFactory.h */,
				B1C262CA1C5C46CE00A44BE3 /* JSQMessagesBubbleImageFactory.m */,
				B1C262CB1C5C46CE00A44BE3 /* JSQMessagesMediaViewBubbleImageMasker.h */,
				B1C262CC1C5C46CE00A44BE3 /* JSQMessagesMediaViewBubbleImageMasker.m */,
				B1C262CD1C5C46CE00A44BE3 /* JSQMessagesTimestampFormatter.h */,
				B1C262CE1C5C46CE00A44BE3 /* JSQMessagesTimestampFormatter.m */,
				B1C262CF1C5C46CE00A44BE3 /* JSQMessagesToolbarButtonFactory.h */,
				B1C262D01C5C46CE00A44BE3 /* JSQMessagesToolbarButtonFactory.m */,
			);
			path = Factories;
			sourceTree = "<group>";
		};
		B1C262DC1C5C46CE00A44BE3 /* Layout */ = {
			isa = PBXGroup;
			children = (
				B1C262D31C5C46CE00A44BE3 /* JSQMessagesBubbleSizeCalculating.h */,
				B1C262D41C5C46CE00A44BE3 /* JSQMessagesBubblesSizeCalculator.h */,
				B1C262D51C5C46CE00A44BE3 /* JSQMessagesBubblesSizeCalculator.m */,
				B1C262D61C5C46CE00A44BE3 /* JSQMessagesCollectionViewFlowLayout.h */,
				B1C262D71C5C46CE00A44BE3 /* JSQMessagesCollectionViewFlowLayout.m */,
				B1C262D81C5C46CE00A44BE3 /* JSQMessagesCollectionViewFlowLayoutInvalidationContext.h */,
				B1C262D91C5C46CE00A44BE3 /* JSQMessagesCollectionViewFlowLayoutInvalidationContext.m */,
				B1C262DA1C5C46CE00A44BE3 /* JSQMessagesCollectionViewLayoutAttributes.h */,
				B1C262DB1C5C46CE00A44BE3 /* JSQMessagesCollectionViewLayoutAttributes.m */,
			);
			path = Layout;
			sourceTree = "<group>";
		};
		B1C262F11C5C46CE00A44BE3 /* Model */ = {
			isa = PBXGroup;
			children = (
				B1C262DD1C5C46CE00A44BE3 /* JSQLocationMediaItem.h */,
				B1C262DE1C5C46CE00A44BE3 /* JSQLocationMediaItem.m */,
				B1C262DF1C5C46CE00A44BE3 /* JSQMediaItem.h */,
				B1C262E01C5C46CE00A44BE3 /* JSQMediaItem.m */,
				B1C262E11C5C46CE00A44BE3 /* JSQMessage.h */,
				B1C262E21C5C46CE00A44BE3 /* JSQMessage.m */,
				B1C262E31C5C46CE00A44BE3 /* JSQMessageAvatarImageDataSource.h */,
				B1C262E41C5C46CE00A44BE3 /* JSQMessageBubbleImageDataSource.h */,
				B1C262E51C5C46CE00A44BE3 /* JSQMessageData.h */,
				B1C262E61C5C46CE00A44BE3 /* JSQMessageMediaData.h */,
				B1C262E71C5C46CE00A44BE3 /* JSQMessagesAvatarImage.h */,
				B1C262E81C5C46CE00A44BE3 /* JSQMessagesAvatarImage.m */,
				B1C262E91C5C46CE00A44BE3 /* JSQMessagesBubbleImage.h */,
				B1C262EA1C5C46CE00A44BE3 /* JSQMessagesBubbleImage.m */,
				B1C262EB1C5C46CE00A44BE3 /* JSQMessagesCollectionViewDataSource.h */,
				B1C262EC1C5C46CE00A44BE3 /* JSQMessagesCollectionViewDelegateFlowLayout.h */,
				B1C262ED1C5C46CE00A44BE3 /* JSQPhotoMediaItem.h */,
				B1C262EE1C5C46CE00A44BE3 /* JSQPhotoMediaItem.m */,
				B1C262EF1C5C46CE00A44BE3 /* JSQVideoMediaItem.h */,
				B1C262F01C5C46CE00A44BE3 /* JSQVideoMediaItem.m */,
			);
			path = Model;
			sourceTree = "<group>";
		};
		B1C2630F1C5C46CE00A44BE3 /* Views */ = {
			isa = PBXGroup;
			children = (
				B1C262F21C5C46CE00A44BE3 /* JSQMessagesCellTextView.h */,
				B1C262F31C5C46CE00A44BE3 /* JSQMessagesCellTextView.m */,
				B1C262F41C5C46CE00A44BE3 /* JSQMessagesCollectionView.h */,
				B1C262F51C5C46CE00A44BE3 /* JSQMessagesCollectionView.m */,
				B1C262F61C5C46CE00A44BE3 /* JSQMessagesCollectionViewCell.h */,
				B1C262F71C5C46CE00A44BE3 /* JSQMessagesCollectionViewCell.m */,
				B1C262F81C5C46CE00A44BE3 /* JSQMessagesCollectionViewCellIncoming.h */,
				B1C262F91C5C46CE00A44BE3 /* JSQMessagesCollectionViewCellIncoming.m */,
				B1C262FA1C5C46CE00A44BE3 /* JSQMessagesCollectionViewCellIncoming.xib */,
				B1C262FB1C5C46CE00A44BE3 /* JSQMessagesCollectionViewCellOutgoing.h */,
				B1C262FC1C5C46CE00A44BE3 /* JSQMessagesCollectionViewCellOutgoing.m */,
				B1C262FD1C5C46CE00A44BE3 /* JSQMessagesCollectionViewCellOutgoing.xib */,
				B1C262FE1C5C46CE00A44BE3 /* JSQMessagesComposerTextView.h */,
				B1C262FF1C5C46CE00A44BE3 /* JSQMessagesComposerTextView.m */,
				B1C263001C5C46CE00A44BE3 /* JSQMessagesInputToolbar.h */,
				B1C263011C5C46CE00A44BE3 /* JSQMessagesInputToolbar.m */,
				B1C263021C5C46CE00A44BE3 /* JSQMessagesLabel.h */,
				B1C263031C5C46CE00A44BE3 /* JSQMessagesLabel.m */,
				B1C263041C5C46CE00A44BE3 /* JSQMessagesLoadEarlierHeaderView.h */,
				B1C263051C5C46CE00A44BE3 /* JSQMessagesLoadEarlierHeaderView.m */,
				B1C263061C5C46CE00A44BE3 /* JSQMessagesLoadEarlierHeaderView.xib */,
				B1C263071C5C46CE00A44BE3 /* JSQMessagesMediaPlaceholderView.h */,
				B1C263081C5C46CE00A44BE3 /* JSQMessagesMediaPlaceholderView.m */,
				B1C263091C5C46CE00A44BE3 /* JSQMessagesToolbarContentView.h */,
				B1C2630A1C5C46CE00A44BE3 /* JSQMessagesToolbarContentView.m */,
				B1C2630B1C5C46CE00A44BE3 /* JSQMessagesToolbarContentView.xib */,
				B1C2630C1C5C46CE00A44BE3 /* JSQMessagesTypingIndicatorFooterView.h */,
				B1C2630D1C5C46CE00A44BE3 /* JSQMessagesTypingIndicatorFooterView.m */,
				B1C2630E1C5C46CE00A44BE3 /* JSQMessagesTypingIndicatorFooterView.xib */,
			);
			path = Views;
			sourceTree = "<group>";
		};
		B1C263101C5C46CE00A44BE3 /* JSQMessagesViewController */ = {
			isa = PBXGroup;
			children = (
				B1C262B11C5C46CE00A44BE3 /* Assets */,
				B1C262C01C5C46CE00A44BE3 /* Categories */,
				B1C262C61C5C46CE00A44BE3 /* Controllers */,
				B1C262D11C5C46CE00A44BE3 /* Factories */,
				B1C262D21C5C46CE00A44BE3 /* JSQMessages.h */,
				B1C262DC1C5C46CE00A44BE3 /* Layout */,
				B1C262F11C5C46CE00A44BE3 /* Model */,
				B1C2630F1C5C46CE00A44BE3 /* Views */,
			);
			name = JSQMessagesViewController;
			path = "../../../../Desktop/Arkitu Version 2 DONE UPLOAD IOS/Aurkityou/Aurkityou/JSQMessagesViewController";
			sourceTree = "<group>";
		};
		B1C2633E1C5C46D900A44BE3 /* ObjectiveC */ = {
			isa = PBXGroup;
			children = (
				B1C263491C5C488B00A44BE3 /* OurWalmartConnect-Bridging-Header.h */,
			);
			name = ObjectiveC;
			sourceTree = "<group>";
		};
/* End PBXGroup section */

/* Begin PBXNativeTarget section */
		B175C5DC1C5C3856002CF263 /* OurWalmartConnect */ = {
			isa = PBXNativeTarget;
			buildConfigurationList = B175C6051C5C3857002CF263 /* Build configuration list for PBXNativeTarget "OurWalmartConnect" */;
			buildPhases = (
				B175C5D91C5C3856002CF263 /* Sources */,
				B175C5DA1C5C3856002CF263 /* Frameworks */,
				B175C5DB1C5C3856002CF263 /* Resources */,
			);
			buildRules = (
			);
			dependencies = (
			);
			name = OurWalmartConnect;
			productName = OurWalmartConnect;
			productReference = B175C5DD1C5C3857002CF263 /* OurWalmartConnect.app */;
			productType = "com.apple.product-type.application";
		};
		B175C5F01C5C3857002CF263 /* OurWalmartConnectTests */ = {
			isa = PBXNativeTarget;
			buildConfigurationList = B175C6081C5C3857002CF263 /* Build configuration list for PBXNativeTarget "OurWalmartConnectTests" */;
			buildPhases = (
				B175C5ED1C5C3857002CF263 /* Sources */,
				B175C5EE1C5C3857002CF263 /* Frameworks */,
				B175C5EF1C5C3857002CF263 /* Resources */,
			);
			buildRules = (
			);
			dependencies = (
				B175C5F31C5C3857002CF263 /* PBXTargetDependency */,
			);
			name = OurWalmartConnectTests;
			productName = OurWalmartConnectTests;
			productReference = B175C5F11C5C3857002CF263 /* OurWalmartConnectTests.xctest */;
			productType = "com.apple.product-type.bundle.unit-test";
		};
		B175C5FB1C5C3857002CF263 /* OurWalmartConnectUITests */ = {
			isa = PBXNativeTarget;
			buildConfigurationList = B175C60B1C5C3857002CF263 /* Build configuration list for PBXNativeTarget "OurWalmartConnectUITests" */;
			buildPhases = (
				B175C5F81C5C3857002CF263 /* Sources */,
				B175C5F91C5C3857002CF263 /* Frameworks */,
				B175C5FA1C5C3857002CF263 /* Resources */,
			);
			buildRules = (
			);
			dependencies = (
				B175C5FE1C5C3857002CF263 /* PBXTargetDependency */,
			);
			name = OurWalmartConnectUITests;
			productName = OurWalmartConnectUITests;
			productReference = B175C5FC1C5C3857002CF263 /* OurWalmartConnectUITests.xctest */;
			productType = "com.apple.product-type.bundle.ui-testing";
		};
/* End PBXNativeTarget section */

/* Begin PBXProject section */
		B175C5D51C5C3856002CF263 /* Project object */ = {
			isa = PBXProject;
			attributes = {
				LastSwiftUpdateCheck = 0720;
				LastUpgradeCheck = 0720;
				ORGANIZATIONNAME = David;
				TargetAttributes = {
					B175C5DC1C5C3856002CF263 = {
						CreatedOnToolsVersion = 7.2;
					};
					B175C5F01C5C3857002CF263 = {
						CreatedOnToolsVersion = 7.2;
						TestTargetID = B175C5DC1C5C3856002CF263;
					};
					B175C5FB1C5C3857002CF263 = {
						CreatedOnToolsVersion = 7.2;
						TestTargetID = B175C5DC1C5C3856002CF263;
					};
				};
			};
			buildConfigurationList = B175C5D81C5C3856002CF263 /* Build configuration list for PBXProject "OurWalmartConnect" */;
			compatibilityVersion = "Xcode 3.2";
			developmentRegion = English;
			hasScannedForEncodings = 0;
			knownRegions = (
				en,
				Base,
			);
			mainGroup = B175C5D41C5C3856002CF263;
			productRefGroup = B175C5DE1C5C3857002CF263 /* Products */;
			projectDirPath = "";
			projectRoot = "";
			targets = (
				B175C5DC1C5C3856002CF263 /* OurWalmartConnect */,
				B175C5F01C5C3857002CF263 /* OurWalmartConnectTests */,
				B175C5FB1C5C3857002CF263 /* OurWalmartConnectUITests */,
			);
		};
/* End PBXProject section */

/* Begin PBXResourcesBuildPhase section */
		B175C5DB1C5C3856002CF263 /* Resources */ = {
			isa = PBXResourcesBuildPhase;
			buildActionMask = 2147483647;
			files = (
				B175C5EB1C5C3857002CF263 /* LaunchScreen.storyboard in Resources */,
				B1C2633D1C5C46CE00A44BE3 /* JSQMessagesTypingIndicatorFooterView.xib in Resources */,
				B1C263121C5C46CE00A44BE3 /* JSQMessagesAssets.bundle in Resources */,
				B175C5E81C5C3857002CF263 /* Assets.xcassets in Resources */,
				B1C263381C5C46CE00A44BE3 /* JSQMessagesLoadEarlierHeaderView.xib in Resources */,
				B1C263331C5C46CE00A44BE3 /* JSQMessagesCollectionViewCellOutgoing.xib in Resources */,
				B175C5E61C5C3857002CF263 /* Main.storyboard in Resources */,
				B1C2631C1C5C46CE00A44BE3 /* JSQMessagesViewController.xib in Resources */,
				B1C263311C5C46CE00A44BE3 /* JSQMessagesCollectionViewCellIncoming.xib in Resources */,
				B1C2633B1C5C46CE00A44BE3 /* JSQMessagesToolbarContentView.xib in Resources */,
			);
			runOnlyForDeploymentPostprocessing = 0;
		};
		B175C5EF1C5C3857002CF263 /* Resources */ = {
			isa = PBXResourcesBuildPhase;
			buildActionMask = 2147483647;
			files = (
			);
			runOnlyForDeploymentPostprocessing = 0;
		};
		B175C5FA1C5C3857002CF263 /* Resources */ = {
			isa = PBXResourcesBuildPhase;
			buildActionMask = 2147483647;
			files = (
			);
			runOnlyForDeploymentPostprocessing = 0;
		};
/* End PBXResourcesBuildPhase section */

/* Begin PBXSourcesBuildPhase section */
		B175C5D91C5C3856002CF263 /* Sources */ = {
			isa = PBXSourcesBuildPhase;
			buildActionMask = 2147483647;
			files = (
				B1C2631F1C5C46CE00A44BE3 /* JSQMessagesMediaViewBubbleImageMasker.m in Sources */,
				B1C2633C1C5C46CE00A44BE3 /* JSQMessagesTypingIndicatorFooterView.m in Sources */,
				B1C263271C5C46CE00A44BE3 /* JSQMediaItem.m in Sources */,
				B1C263281C5C46CE00A44BE3 /* JSQMessage.m in Sources */,
				B1C2632E1C5C46CE00A44BE3 /* JSQMessagesCollectionView.m in Sources */,
				B1C263241C5C46CE00A44BE3 /* JSQMessagesCollectionViewFlowLayoutInvalidationContext.m in Sources */,
				B1C263111C5C46CE00A44BE3 /* JSQSystemSoundPlayer.m in Sources */,
				B1C263341C5C46CE00A44BE3 /* JSQMessagesComposerTextView.m in Sources */,
				B1C2631D1C5C46CE00A44BE3 /* JSQMessagesAvatarImageFactory.m in Sources */,
				B1C2632C1C5C46CE00A44BE3 /* JSQVideoMediaItem.m in Sources */,
				B1C263361C5C46CE00A44BE3 /* JSQMessagesLabel.m in Sources */,
				B1C263221C5C46CE00A44BE3 /* JSQMessagesBubblesSizeCalculator.m in Sources */,
				B1C2631B1C5C46CE00A44BE3 /* JSQMessagesViewController.m in Sources */,
				B1C263321C5C46CE00A44BE3 /* JSQMessagesCollectionViewCellOutgoing.m in Sources */,
				B1C2632D1C5C46CE00A44BE3 /* JSQMessagesCellTextView.m in Sources */,
				B1C262AB1C5C451600A44BE3 /* OWCFirstLaunchViewController.swift in Sources */,
				B1C263151C5C46CE00A44BE3 /* NSString+JSQMessages.m in Sources */,
				B1C262A91C5C419A00A44BE3 /* OWCSignupViewController.swift in Sources */,
				B1C263211C5C46CE00A44BE3 /* JSQMessagesToolbarButtonFactory.m in Sources */,
				B1C2632A1C5C46CE00A44BE3 /* JSQMessagesBubbleImage.m in Sources */,
				B1C263351C5C46CE00A44BE3 /* JSQMessagesInputToolbar.m in Sources */,
				B1C263171C5C46CE00A44BE3 /* UIDevice+JSQMessages.m in Sources */,
				B1C2633A1C5C46CE00A44BE3 /* JSQMessagesToolbarContentView.m in Sources */,
				B1C263251C5C46CE00A44BE3 /* JSQMessagesCollectionViewLayoutAttributes.m in Sources */,
				B1C263201C5C46CE00A44BE3 /* JSQMessagesTimestampFormatter.m in Sources */,
				B1C2631E1C5C46CE00A44BE3 /* JSQMessagesBubbleImageFactory.m in Sources */,
				B1C263391C5C46CE00A44BE3 /* JSQMessagesMediaPlaceholderView.m in Sources */,
				B1C263371C5C46CE00A44BE3 /* JSQMessagesLoadEarlierHeaderView.m in Sources */,
				B1C263191C5C46CE00A44BE3 /* UIView+JSQMessages.m in Sources */,
				B1C263261C5C46CE00A44BE3 /* JSQLocationMediaItem.m in Sources */,
				B1C263161C5C46CE00A44BE3 /* UIColor+JSQMessages.m in Sources */,
				B1C263131C5C46CE00A44BE3 /* JSQSystemSoundPlayer+JSQMessages.m in Sources */,
				B1C2631A1C5C46CE00A44BE3 /* JSQMessagesKeyboardController.m in Sources */,
				B1C262A71C5C418300A44BE3 /* OWCLoginViewController.swift in Sources */,
				B1C2632F1C5C46CE00A44BE3 /* JSQMessagesCollectionViewCell.m in Sources */,
				B1C263301C5C46CE00A44BE3 /* JSQMessagesCollectionViewCellIncoming.m in Sources */,
				B1C2632B1C5C46CE00A44BE3 /* JSQPhotoMediaItem.m in Sources */,
				B175C5E11C5C3857002CF263 /* AppDelegate.swift in Sources */,
				B1C263231C5C46CE00A44BE3 /* JSQMessagesCollectionViewFlowLayout.m in Sources */,
				B1C263141C5C46CE00A44BE3 /* NSBundle+JSQMessages.m in Sources */,
				B1C263291C5C46CE00A44BE3 /* JSQMessagesAvatarImage.m in Sources */,
				B1C263181C5C46CE00A44BE3 /* UIImage+JSQMessages.m in Sources */,
			);
			runOnlyForDeploymentPostprocessing = 0;
		};
		B175C5ED1C5C3857002CF263 /* Sources */ = {
			isa = PBXSourcesBuildPhase;
			buildActionMask = 2147483647;
			files = (
				B175C5F61C5C3857002CF263 /* OurWalmartConnectTests.swift in Sources */,
			);
			runOnlyForDeploymentPostprocessing = 0;
		};
		B175C5F81C5C3857002CF263 /* Sources */ = {
			isa = PBXSourcesBuildPhase;
			buildActionMask = 2147483647;
			files = (
				B175C6011C5C3857002CF263 /* OurWalmartConnectUITests.swift in Sources */,
			);
			runOnlyForDeploymentPostprocessing = 0;
		};
/* End PBXSourcesBuildPhase section */

/* Begin PBXTargetDependency section */
		B175C5F31C5C3857002CF263 /* PBXTargetDependency */ = {
			isa = PBXTargetDependency;
			target = B175C5DC1C5C3856002CF263 /* OurWalmartConnect */;
			targetProxy = B175C5F21C5C3857002CF263 /* PBXContainerItemProxy */;
		};
		B175C5FE1C5C3857002CF263 /* PBXTargetDependency */ = {
			isa = PBXTargetDependency;
			target = B175C5DC1C5C3856002CF263 /* OurWalmartConnect */;
			targetProxy = B175C5FD1C5C3857002CF263 /* PBXContainerItemProxy */;
		};
/* End PBXTargetDependency section */

/* Begin PBXVariantGroup section */
		B175C5E41C5C3857002CF263 /* Main.storyboard */ = {
			isa = PBXVariantGroup;
			children = (
				B175C5E51C5C3857002CF263 /* Base */,
			);
			name = Main.storyboard;
			sourceTree = "<group>";
		};
		B175C5E91C5C3857002CF263 /* LaunchScreen.storyboard */ = {
			isa = PBXVariantGroup;
			children = (
				B175C5EA1C5C3857002CF263 /* Base */,
			);
			name = LaunchScreen.storyboard;
			sourceTree = "<group>";
		};
/* End PBXVariantGroup section */

/* Begin XCBuildConfiguration section */
		B175C6031C5C3857002CF263 /* Debug */ = {
			isa = XCBuildConfiguration;
			buildSettings = {
				ALWAYS_SEARCH_USER_PATHS = NO;
				CLANG_CXX_LANGUAGE_STANDARD = "gnu++0x";
				CLANG_CXX_LIBRARY = "libc++";
				CLANG_ENABLE_MODULES = YES;
				CLANG_ENABLE_OBJC_ARC = YES;
				CLANG_WARN_BOOL_CONVERSION = YES;
				CLANG_WARN_CONSTANT_CONVERSION = YES;
				CLANG_WARN_DIRECT_OBJC_ISA_USAGE = YES_ERROR;
				CLANG_WARN_EMPTY_BODY = YES;
				CLANG_WARN_ENUM_CONVERSION = YES;
				CLANG_WARN_INT_CONVERSION = YES;
				CLANG_WARN_OBJC_ROOT_CLASS = YES_ERROR;
				CLANG_WARN_UNREACHABLE_CODE = YES;
				CLANG_WARN__DUPLICATE_METHOD_MATCH = YES;
				"CODE_SIGN_IDENTITY[sdk=iphoneos*]" = "iPhone Developer";
				COPY_PHASE_STRIP = NO;
				DEBUG_INFORMATION_FORMAT = dwarf;
				ENABLE_STRICT_OBJC_MSGSEND = YES;
				ENABLE_TESTABILITY = YES;
				GCC_C_LANGUAGE_STANDARD = gnu99;
				GCC_DYNAMIC_NO_PIC = NO;
				GCC_NO_COMMON_BLOCKS = YES;
				GCC_OPTIMIZATION_LEVEL = 0;
				GCC_PREPROCESSOR_DEFINITIONS = (
					"DEBUG=1",
					"$(inherited)",
				);
				GCC_WARN_64_TO_32_BIT_CONVERSION = YES;
				GCC_WARN_ABOUT_RETURN_TYPE = YES_ERROR;
				GCC_WARN_UNDECLARED_SELECTOR = YES;
				GCC_WARN_UNINITIALIZED_AUTOS = YES_AGGRESSIVE;
				GCC_WARN_UNUSED_FUNCTION = YES;
				GCC_WARN_UNUSED_VARIABLE = YES;
				IPHONEOS_DEPLOYMENT_TARGET = 9.2;
				MTL_ENABLE_DEBUG_INFO = YES;
				ONLY_ACTIVE_ARCH = YES;
				SDKROOT = iphoneos;
				SWIFT_OPTIMIZATION_LEVEL = "-Onone";
				TARGETED_DEVICE_FAMILY = "1,2";
			};
			name = Debug;
		};
		B175C6041C5C3857002CF263 /* Release */ = {
			isa = XCBuildConfiguration;
			buildSettings = {
				ALWAYS_SEARCH_USER_PATHS = NO;
				CLANG_CXX_LANGUAGE_STANDARD = "gnu++0x";
				CLANG_CXX_LIBRARY = "libc++";
				CLANG_ENABLE_MODULES = YES;
				CLANG_ENABLE_OBJC_ARC = YES;
				CLANG_WARN_BOOL_CONVERSION = YES;
				CLANG_WARN_CONSTANT_CONVERSION = YES;
				CLANG_WARN_DIRECT_OBJC_ISA_USAGE = YES_ERROR;
				CLANG_WARN_EMPTY_BODY = YES;
				CLANG_WARN_ENUM_CONVERSION = YES;
				CLANG_WARN_INT_CONVERSION = YES;
				CLANG_WARN_OBJC_ROOT_CLASS = YES_ERROR;
				CLANG_WARN_UNREACHABLE_CODE = YES;
				CLANG_WARN__DUPLICATE_METHOD_MATCH = YES;
				"CODE_SIGN_IDENTITY[sdk=iphoneos*]" = "iPhone Developer";
				COPY_PHASE_STRIP = NO;
				DEBUG_INFORMATION_FORMAT = "dwarf-with-dsym";
				ENABLE_NS_ASSERTIONS = NO;
				ENABLE_STRICT_OBJC_MSGSEND = YES;
				GCC_C_LANGUAGE_STANDARD = gnu99;
				GCC_NO_COMMON_BLOCKS = YES;
				GCC_WARN_64_TO_32_BIT_CONVERSION = YES;
				GCC_WARN_ABOUT_RETURN_TYPE = YES_ERROR;
				GCC_WARN_UNDECLARED_SELECTOR = YES;
				GCC_WARN_UNINITIALIZED_AUTOS = YES_AGGRESSIVE;
				GCC_WARN_UNUSED_FUNCTION = YES;
				GCC_WARN_UNUSED_VARIABLE = YES;
				IPHONEOS_DEPLOYMENT_TARGET = 9.2;
				MTL_ENABLE_DEBUG_INFO = NO;
				SDKROOT = iphoneos;
				TARGETED_DEVICE_FAMILY = "1,2";
				VALIDATE_PRODUCT = YES;
			};
			name = Release;
		};
		B175C6061C5C3857002CF263 /* Debug */ = {
			isa = XCBuildConfiguration;
			buildSettings = {
				ASSETCATALOG_COMPILER_APPICON_NAME = AppIcon;
				FRAMEWORK_SEARCH_PATHS = (
					"$(inherited)",
					"$(PROJECT_DIR)/OurWalmartConnect/parseFramework",
				);
				INFOPLIST_FILE = OurWalmartConnect/Info.plist;
				LD_RUNPATH_SEARCH_PATHS = "$(inherited) @executable_path/Frameworks";
				PRODUCT_BUNDLE_IDENTIFIER = David.OurWalmartConnect;
				PRODUCT_NAME = "$(TARGET_NAME)";
			};
			name = Debug;
		};
		B175C6071C5C3857002CF263 /* Release */ = {
			isa = XCBuildConfiguration;
			buildSettings = {
				ASSETCATALOG_COMPILER_APPICON_NAME = AppIcon;
				FRAMEWORK_SEARCH_PATHS = (
					"$(inherited)",
					"$(PROJECT_DIR)/OurWalmartConnect/parseFramework",
				);
				INFOPLIST_FILE = OurWalmartConnect/Info.plist;
				LD_RUNPATH_SEARCH_PATHS = "$(inherited) @executable_path/Frameworks";
				PRODUCT_BUNDLE_IDENTIFIER = David.OurWalmartConnect;
				PRODUCT_NAME = "$(TARGET_NAME)";
			};
			name = Release;
		};
		B175C6091C5C3857002CF263 /* Debug */ = {
			isa = XCBuildConfiguration;
			buildSettings = {
				BUNDLE_LOADER = "$(TEST_HOST)";
				INFOPLIST_FILE = OurWalmartConnectTests/Info.plist;
				LD_RUNPATH_SEARCH_PATHS = "$(inherited) @executable_path/Frameworks @loader_path/Frameworks";
				PRODUCT_BUNDLE_IDENTIFIER = David.OurWalmartConnectTests;
				PRODUCT_NAME = "$(TARGET_NAME)";
				TEST_HOST = "$(BUILT_PRODUCTS_DIR)/OurWalmartConnect.app/OurWalmartConnect";
			};
			name = Debug;
		};
		B175C60A1C5C3857002CF263 /* Release */ = {
			isa = XCBuildConfiguration;
			buildSettings = {
				BUNDLE_LOADER = "$(TEST_HOST)";
				INFOPLIST_FILE = OurWalmartConnectTests/Info.plist;
				LD_RUNPATH_SEARCH_PATHS = "$(inherited) @executable_path/Frameworks @loader_path/Frameworks";
				PRODUCT_BUNDLE_IDENTIFIER = David.OurWalmartConnectTests;
				PRODUCT_NAME = "$(TARGET_NAME)";
				TEST_HOST = "$(BUILT_PRODUCTS_DIR)/OurWalmartConnect.app/OurWalmartConnect";
			};
			name = Release;
		};
		B175C60C1C5C3857002CF263 /* Debug */ = {
			isa = XCBuildConfiguration;
			buildSettings = {
				INFOPLIST_FILE = OurWalmartConnectUITests/Info.plist;
				LD_RUNPATH_SEARCH_PATHS = "$(inherited) @executable_path/Frameworks @loader_path/Frameworks";
				PRODUCT_BUNDLE_IDENTIFIER = David.OurWalmartConnectUITests;
				PRODUCT_NAME = "$(TARGET_NAME)";
				TEST_TARGET_NAME = OurWalmartConnect;
				USES_XCTRUNNER = YES;
			};
			name = Debug;
		};
		B175C60D1C5C3857002CF263 /* Release */ = {
			isa = XCBuildConfiguration;
			buildSettings = {
				INFOPLIST_FILE = OurWalmartConnectUITests/Info.plist;
				LD_RUNPATH_SEARCH_PATHS = "$(inherited) @executable_path/Frameworks @loader_path/Frameworks";
				PRODUCT_BUNDLE_IDENTIFIER = David.OurWalmartConnectUITests;
				PRODUCT_NAME = "$(TARGET_NAME)";
				TEST_TARGET_NAME = OurWalmartConnect;
				USES_XCTRUNNER = YES;
			};
			name = Release;
		};
/* End XCBuildConfiguration section */

/* Begin XCConfigurationList section */
		B175C5D81C5C3856002CF263 /* Build configuration list for PBXProject "OurWalmartConnect" */ = {
			isa = XCConfigurationList;
			buildConfigurations = (
				B175C6031C5C3857002CF263 /* Debug */,
				B175C6041C5C3857002CF263 /* Release */,
			);
			defaultConfigurationIsVisible = 0;
			defaultConfigurationName = Release;
		};
		B175C6051C5C3857002CF263 /* Build configuration list for PBXNativeTarget "OurWalmartConnect" */ = {
			isa = XCConfigurationList;
			buildConfigurations = (
				B175C6061C5C3857002CF263 /* Debug */,
				B175C6071C5C3857002CF263 /* Release */,
			);
			defaultConfigurationIsVisible = 0;
			defaultConfigurationName = Release;
		};
		B175C6081C5C3857002CF263 /* Build configuration list for PBXNativeTarget "OurWalmartConnectTests" */ = {
			isa = XCConfigurationList;
			buildConfigurations = (
				B175C6091C5C3857002CF263 /* Debug */,
				B175C60A1C5C3857002CF263 /* Release */,
			);
			defaultConfigurationIsVisible = 0;
			defaultConfigurationName = Release;
		};
		B175C60B1C5C3857002CF263 /* Build configuration list for PBXNativeTarget "OurWalmartConnectUITests" */ = {
			isa = XCConfigurationList;
			buildConfigurations = (
				B175C60C1C5C3857002CF263 /* Debug */,
				B175C60D1C5C3857002CF263 /* Release */,
			);
			defaultConfigurationIsVisible = 0;
			defaultConfigurationName = Release;
		};
/* End XCConfigurationList section */
	};
	rootObject = B175C5D51C5C3856002CF263 /* Project object */;
}
